schema: '2.0'
stages:
  loadvoc-fi:
    cmd: annif loadvoc ykl-omikuji-parabel-fi corpora/ykl-classes.tsv
    deps:
    - path: corpora/ykl-classes.tsv
      md5: b2f29070ccedefda72994b8db324e371
      size: 187637
    - path: venv-installed
      md5: 2e6baa8289dac9e06cb525999eb39a70
      size: 42
    outs:
    - path: data/vocabs/ykl-fi
      md5: 680732b8de9b5108536ccea40462734e.dir
      size: 764449
      nfiles: 3
  train-omikuji-parabel-fi:
    cmd: annif train ykl-omikuji-parabel-fi -j 8 corpora/kirjaesittelyt2021/kvesit-ykl-fin-train.tsv
    deps:
    - path: corpora/kirjaesittelyt2021/kvesit-ykl-fin-train.tsv
      md5: ffa2c09b76a8a5370dbe71540da8c0ff
      size: 38164190
    - path: data/vocabs/ykl-fi
      md5: 680732b8de9b5108536ccea40462734e.dir
      size: 764449
      nfiles: 3
    - path: venv-installed
      md5: 2e6baa8289dac9e06cb525999eb39a70
      size: 42
    params:
      projects.toml:
        ykl-omikuji-parabel-fi:
          name: YKL Omikuji Parabel Finnish
          language: fi
          backend: omikuji
          analyzer: voikko(fi)
          vocab: ykl-fi
          ngram: 1
          min_df: 1
    outs:
    - path: data/projects/ykl-omikuji-parabel-fi
      md5: 3ed791ef021b0b6848e67ff68d21498d.dir
      size: 119342063
      nfiles: 6
  eval-omikuji-parabel-fi:
    cmd: annif eval ykl-omikuji-parabel-fi -j 8 -m Precision@1 -m NDCG --metrics-file
      reports/test-omikuji-parabel-fi.json corpora/kirjaesittelyt2021/kvesit-ykl-fin-test.tsv
    deps:
    - path: corpora/kirjaesittelyt2021/kvesit-ykl-fin-test.tsv
      md5: e4497d02e1c12d30de314f25ac5c5a8e
      size: 3289456
    - path: data/projects/ykl-omikuji-parabel-fi
      md5: 3ed791ef021b0b6848e67ff68d21498d.dir
      size: 119342063
      nfiles: 6
    - path: venv-installed
      md5: 2e6baa8289dac9e06cb525999eb39a70
      size: 42
    outs:
    - path: reports/test-omikuji-parabel-fi.json
      md5: d4241383761ec497e1c00ecbf91f141b
      size: 100
  install:
    cmd: python3 -m venv venv && . venv/bin/activate && pip install -U pip wheel setuptools
      && pip install -r requirements.txt && cp requirements.txt venv-installed
    deps:
    - path: requirements.txt
      md5: 2e6baa8289dac9e06cb525999eb39a70
      size: 42
    outs:
    - path: venv-installed
      md5: 2e6baa8289dac9e06cb525999eb39a70
      size: 42
  train-omikuji-bonsai-fi:
    cmd: annif train ykl-omikuji-bonsai-fi -j 8 corpora/kirjaesittelyt2021/kvesit-ykl-fin-train.tsv
    deps:
    - path: corpora/kirjaesittelyt2021/kvesit-ykl-fin-train.tsv
      md5: ffa2c09b76a8a5370dbe71540da8c0ff
      size: 38164190
    - path: data/vocabs/ykl-fi
      md5: 680732b8de9b5108536ccea40462734e.dir
      size: 764449
      nfiles: 3
    - path: venv-installed
      md5: 2e6baa8289dac9e06cb525999eb39a70
      size: 42
    params:
      projects.toml:
        ykl-omikuji-bonsai-fi:
          name: YKL Omikuji Bonsai Finnish
          language: fi
          backend: omikuji
          cluster_balanced: 'False'
          cluster_k: 100
          max_depth: 3
          analyzer: voikko(fi)
          vocab: ykl-fi
          ngram: 1
          min_df: 1
    outs:
    - path: data/projects/ykl-omikuji-bonsai-fi
      md5: ed4104f29b03dc355b4c3b7d55b773d1.dir
      size: 115229283
      nfiles: 6
  eval-omikuji-bonsai-fi:
    cmd: annif eval ykl-omikuji-bonsai-fi -j 8 -m Precision@1 -m NDCG --metrics-file
      reports/test-omikuji-bonsai-fi.json corpora/kirjaesittelyt2021/kvesit-ykl-fin-test.tsv
    deps:
    - path: corpora/kirjaesittelyt2021/kvesit-ykl-fin-test.tsv
      md5: e4497d02e1c12d30de314f25ac5c5a8e
      size: 3289456
    - path: data/projects/ykl-omikuji-bonsai-fi
      md5: ed4104f29b03dc355b4c3b7d55b773d1.dir
      size: 115229283
      nfiles: 6
    - path: venv-installed
      md5: 2e6baa8289dac9e06cb525999eb39a70
      size: 42
    outs:
    - path: reports/test-omikuji-bonsai-fi.json
      md5: d9e06bdec6caec559819732920d68aa7
      size: 100
