schema: '2.0'
stages:
  loadvoc-fi:
    cmd: annif loadvoc ykl-omikuji-parabel-fi corpora/ykl-classes.tsv
    deps:
    - path: corpora/ykl-classes.tsv
      md5: b2f29070ccedefda72994b8db324e371
      size: 187637
    - path: venv-installed
      md5: 2e6baa8289dac9e06cb525999eb39a70
      size: 42
    outs:
    - path: data/vocabs/ykl-fi
      md5: 680732b8de9b5108536ccea40462734e.dir
      size: 764449
      nfiles: 3
  train-omikuji-parabel-fi:
    cmd: annif train ykl-omikuji-parabel-fi -j 8 
      corpora/kirjaesittelyt2021/kvesit-ykl-fin-train.tsv
    deps:
    - path: corpora/kirjaesittelyt2021/kvesit-ykl-fin-train.tsv
      md5: ffa2c09b76a8a5370dbe71540da8c0ff
      size: 38164190
    - path: data/vocabs/ykl
      md5: 3b9896e0ea6b1a4fa9820f015831fd93.dir
      size: 6503819
      nfiles: 3
    - path: venv-installed
      md5: 2e6baa8289dac9e06cb525999eb39a70
      size: 42
    params:
      projects.toml:
        ykl-omikuji-parabel-fi:
          name: YKL Omikuji Parabel Finnish
          language: fi
          backend: omikuji
          analyzer: voikko(fi)
          vocab: ykl
          ngram: 1
          min_df: 1
    outs:
    - path: data/projects/ykl-omikuji-parabel-fi
      md5: e506a5b142c024d089a449b9ab99da7c.dir
      size: 119198246
      nfiles: 6
  eval-omikuji-parabel-fi:
    cmd: annif eval ykl-omikuji-parabel-fi -j 8 -m Precision@1 -m NDCG 
      --metrics-file reports/test-omikuji-parabel-fi.json 
      corpora/kirjaesittelyt2021/kvesit-ykl-fin-test.tsv
    deps:
    - path: corpora/kirjaesittelyt2021/kvesit-ykl-fin-test.tsv
      md5: e4497d02e1c12d30de314f25ac5c5a8e
      size: 3289456
    - path: data/projects/ykl-omikuji-parabel-fi
      md5: e506a5b142c024d089a449b9ab99da7c.dir
      size: 119198246
      nfiles: 6
    - path: venv-installed
      md5: 2e6baa8289dac9e06cb525999eb39a70
      size: 42
    outs:
    - path: reports/test-omikuji-parabel-fi.json
      md5: e0079ca11936a9627c9ee5b4a23e4c48
      size: 100
  install:
    cmd: python3 -m venv venv && . venv/bin/activate && pip install -U pip wheel
      setuptools && pip install -r requirements.txt && cp requirements.txt 
      venv-installed
    deps:
    - path: requirements.txt
      hash: md5
      md5: aa41d44276eafce9e954f589cc74b568
      size: 93
    outs:
    - path: venv-installed
      hash: md5
      md5: aa41d44276eafce9e954f589cc74b568
      size: 93
  train-omikuji-bonsai-fi:
    cmd: annif train ykl-omikuji-bonsai-fi -j 8 
      corpora/kirjaesittelyt2021/kvesit-ykl-fin-train.tsv
    deps:
    - path: corpora/kirjaesittelyt2021/kvesit-ykl-fin-train.tsv
      md5: ffa2c09b76a8a5370dbe71540da8c0ff
      size: 38164190
    - path: data/vocabs/ykl
      md5: 3b9896e0ea6b1a4fa9820f015831fd93.dir
      size: 6503819
      nfiles: 3
    - path: venv-installed
      md5: 2e6baa8289dac9e06cb525999eb39a70
      size: 42
    params:
      projects.toml:
        ykl-omikuji-bonsai-fi:
          name: YKL Omikuji Bonsai Finnish
          language: fi
          backend: omikuji
          cluster_balanced: 'False'
          cluster_k: 100
          max_depth: 3
          analyzer: voikko(fi)
          vocab: ykl
          ngram: 1
          min_df: 1
    outs:
    - path: data/projects/ykl-omikuji-bonsai-fi
      md5: 1166661a5b68a9c155a57d40592d11eb.dir
      size: 114643724
      nfiles: 6
  eval-omikuji-bonsai-fi:
    cmd: annif eval ykl-omikuji-bonsai-fi -j 8 -m Precision@1 -m NDCG 
      --metrics-file reports/test-omikuji-bonsai-fi.json 
      corpora/kirjaesittelyt2021/kvesit-ykl-fin-test.tsv
    deps:
    - path: corpora/kirjaesittelyt2021/kvesit-ykl-fin-test.tsv
      md5: e4497d02e1c12d30de314f25ac5c5a8e
      size: 3289456
    - path: data/projects/ykl-omikuji-bonsai-fi
      md5: 1166661a5b68a9c155a57d40592d11eb.dir
      size: 114643724
      nfiles: 6
    - path: venv-installed
      md5: 2e6baa8289dac9e06cb525999eb39a70
      size: 42
    outs:
    - path: reports/test-omikuji-bonsai-fi.json
      md5: da9fafaa27f186fff29cb24b505c2fa2
      size: 100
  load-vocab:
    cmd: annif load-vocab ykl corpora/ykl-skos.ttl
    deps:
    - path: corpora/ykl-skos.ttl
      hash: md5
      md5: 674e89e1d7a614a6c0f74a3e6753b493
      size: 4015004
    - path: venv-installed
      hash: md5
      md5: aa41d44276eafce9e954f589cc74b568
      size: 93
    outs:
    - path: data/vocabs/ykl
      hash: md5
      md5: ad075edc556491376220cb472da418fe.dir
      size: 6704103
      nfiles: 3
  train-omikuji-bonsai@0:
    cmd: annif train ykl-omikuji-bonsai-fi -j 8 
      corpora/kirjaesittelyt2021/kvesit-ykl-fin-train.tsv
    deps:
    - path: corpora/kirjaesittelyt2021/kvesit-ykl-fin-train.tsv
      hash: md5
      md5: 04585d1ebfd10d4219e03c81c87cdb7c
      size: 38783798
    - path: data/vocabs/ykl
      hash: md5
      md5: ad075edc556491376220cb472da418fe.dir
      size: 6704103
      nfiles: 3
    - path: venv-installed
      hash: md5
      md5: aa41d44276eafce9e954f589cc74b568
      size: 93
    params:
      projects.toml:
        ykl-omikuji-bonsai-fi:
          name: YKL Omikuji Bonsai Finnish
          language: fi
          backend: omikuji
          cluster_balanced: 'False'
          cluster_k: 100
          max_depth: 3
          analyzer: voikko(fi)
          vocab: ykl
          ngram: 1
          min_df: 1
          access: hidden
    outs:
    - path: data/projects/ykl-omikuji-bonsai-fi
      hash: md5
      md5: b9126fb43766e9c282bd4966ebd7b00e.dir
      size: 114546784
      nfiles: 6
  eval-omikuji-bonsai@0:
    cmd: annif eval ykl-omikuji-bonsai-fi -j 8 -m Precision@1 -m NDCG 
      --metrics-file reports/test-omikuji-bonsai-fi.json --results-file 
      reports/test-omikuji-bonsai-fi.csv 
      corpora/kirjaesittelyt2021/kvesit-ykl-fin-test.tsv
    deps:
    - path: corpora/kirjaesittelyt2021/kvesit-ykl-fin-test.tsv
      hash: md5
      md5: 0ec52bab575f8ed1cb8552b99819f627
      size: 4812307
    - path: data/projects/ykl-omikuji-bonsai-fi
      hash: md5
      md5: b9126fb43766e9c282bd4966ebd7b00e.dir
      size: 114546784
      nfiles: 6
    - path: venv-installed
      hash: md5
      md5: aa41d44276eafce9e954f589cc74b568
      size: 93
    outs:
    - path: reports/test-omikuji-bonsai-fi.csv
      hash: md5
      md5: 9813647c501c411765e1fff92fc44a4d
      size: 268182
    - path: reports/test-omikuji-bonsai-fi.json
      hash: md5
      md5: bddde7d7d4f8e5ba924ab0df6097351e
      size: 100
  train-omikuji-bonsai@1:
    cmd: annif train ykl-omikuji-bonsai-sv -j 8 
      corpora/kirjaesittelyt2021/kvesit-ykl-swe-train.tsv
    deps:
    - path: corpora/kirjaesittelyt2021/kvesit-ykl-swe-train.tsv
      hash: md5
      md5: f77343e445b43df3ec69eddb495e259f
      size: 2458507
    - path: data/vocabs/ykl
      hash: md5
      md5: ad075edc556491376220cb472da418fe.dir
      size: 6704103
      nfiles: 3
    - path: venv-installed
      hash: md5
      md5: aa41d44276eafce9e954f589cc74b568
      size: 93
    params:
      projects.toml:
        ykl-omikuji-bonsai-sv:
          name: YKL Omikuji Bonsai Swedish
          language: sv
          backend: omikuji
          cluster_balanced: 'False'
          cluster_k: 100
          max_depth: 3
          analyzer: snowball(swedish)
          vocab: ykl
          ngram: 1
          min_df: 1
          access: hidden
    outs:
    - path: data/projects/ykl-omikuji-bonsai-sv
      hash: md5
      md5: 0f452ab1391e1addf62f11ceb3ec73f1.dir
      size: 8887766
      nfiles: 6
  train-omikuji-bonsai@2:
    cmd: annif train ykl-omikuji-bonsai-en -j 8 
      corpora/kirjaesittelyt2021/kvesit-ykl-eng-train.tsv
    deps:
    - path: corpora/kirjaesittelyt2021/kvesit-ykl-eng-train.tsv
      hash: md5
      md5: 04a11b9221992082082cc6aed6ed797e
      size: 1794101
    - path: data/vocabs/ykl
      hash: md5
      md5: ad075edc556491376220cb472da418fe.dir
      size: 6704103
      nfiles: 3
    - path: venv-installed
      hash: md5
      md5: aa41d44276eafce9e954f589cc74b568
      size: 93
    params:
      projects.toml:
        ykl-omikuji-bonsai-en:
          name: YKL Omikuji Bonsai English
          language: en
          backend: omikuji
          cluster_balanced: 'False'
          cluster_k: 100
          max_depth: 3
          analyzer: snowball(english)
          vocab: ykl
          ngram: 1
          min_df: 1
          access: hidden
    outs:
    - path: data/projects/ykl-omikuji-bonsai-en
      hash: md5
      md5: 02c7388cbded96161dbd12bdb1837930.dir
      size: 5416207
      nfiles: 6
  eval-omikuji-bonsai@2:
    cmd: annif eval ykl-omikuji-bonsai-en -j 8 -m Precision@1 -m NDCG 
      --metrics-file reports/test-omikuji-bonsai-en.json --results-file 
      reports/test-omikuji-bonsai-en.csv 
      corpora/kirjaesittelyt2021/kvesit-ykl-eng-test.tsv
    deps:
    - path: corpora/kirjaesittelyt2021/kvesit-ykl-eng-test.tsv
      hash: md5
      md5: 91f057ade8ac1f72976393df0670ea1f
      size: 214095
    - path: data/projects/ykl-omikuji-bonsai-en
      hash: md5
      md5: 02c7388cbded96161dbd12bdb1837930.dir
      size: 5416207
      nfiles: 6
    - path: venv-installed
      hash: md5
      md5: aa41d44276eafce9e954f589cc74b568
      size: 93
    outs:
    - path: reports/test-omikuji-bonsai-en.csv
      hash: md5
      md5: b49633d2082f4d35a798b70c30f0be00
      size: 244123
    - path: reports/test-omikuji-bonsai-en.json
      hash: md5
      md5: 804b2f37e88efa2d8228b7c46e15f1df
      size: 98
  train-omikuji-parabel@0:
    cmd: annif train ykl-omikuji-parabel-fi -j 8 
      corpora/kirjaesittelyt2021/kvesit-ykl-fin-train.tsv
    deps:
    - path: corpora/kirjaesittelyt2021/kvesit-ykl-fin-train.tsv
      hash: md5
      md5: 04585d1ebfd10d4219e03c81c87cdb7c
      size: 38783798
    - path: data/vocabs/ykl
      hash: md5
      md5: ad075edc556491376220cb472da418fe.dir
      size: 6704103
      nfiles: 3
    - path: venv-installed
      hash: md5
      md5: aa41d44276eafce9e954f589cc74b568
      size: 93
    params:
      projects.toml:
        ykl-omikuji-parabel-fi:
          name: YKL Omikuji Parabel Finnish
          language: fi
          backend: omikuji
          analyzer: voikko(fi)
          vocab: ykl
          ngram: 1
          min_df: 1
          access: hidden
    outs:
    - path: data/projects/ykl-omikuji-parabel-fi
      hash: md5
      md5: 695ffca8d0f88023c423cba079cae267.dir
      size: 118822047
      nfiles: 6
  eval-omikuji-parabel@0:
    cmd: annif eval ykl-omikuji-parabel-fi -j 8 -m Precision@1 -m NDCG 
      --metrics-file reports/test-omikuji-parabel-fi.json --results-file 
      reports/test-omikuji-parabel-fi.csv 
      corpora/kirjaesittelyt2021/kvesit-ykl-fin-test.tsv
    deps:
    - path: corpora/kirjaesittelyt2021/kvesit-ykl-fin-test.tsv
      hash: md5
      md5: 0ec52bab575f8ed1cb8552b99819f627
      size: 4812307
    - path: data/projects/ykl-omikuji-parabel-fi
      hash: md5
      md5: 695ffca8d0f88023c423cba079cae267.dir
      size: 118822047
      nfiles: 6
    - path: venv-installed
      hash: md5
      md5: aa41d44276eafce9e954f589cc74b568
      size: 93
    outs:
    - path: reports/test-omikuji-parabel-fi.csv
      hash: md5
      md5: 2280ab54de6d94575f5b8527a0e1e06d
      size: 268397
    - path: reports/test-omikuji-parabel-fi.json
      hash: md5
      md5: 19d5feda7028c48c48ef44bcfb7c85d2
      size: 100
  train-omikuji-parabel@1:
    cmd: annif train ykl-omikuji-parabel-sv -j 8 
      corpora/kirjaesittelyt2021/kvesit-ykl-swe-train.tsv
    deps:
    - path: corpora/kirjaesittelyt2021/kvesit-ykl-swe-train.tsv
      hash: md5
      md5: f77343e445b43df3ec69eddb495e259f
      size: 2458507
    - path: data/vocabs/ykl
      hash: md5
      md5: ad075edc556491376220cb472da418fe.dir
      size: 6704103
      nfiles: 3
    - path: venv-installed
      hash: md5
      md5: aa41d44276eafce9e954f589cc74b568
      size: 93
    params:
      projects.toml:
        ykl-omikuji-parabel-sv:
          name: YKL Omikuji Parabel Swedish
          language: sv
          backend: omikuji
          analyzer: snowball(swedish)
          vocab: ykl
          ngram: 1
          min_df: 1
          access: hidden
    outs:
    - path: data/projects/ykl-omikuji-parabel-sv
      hash: md5
      md5: c9f1c4c9bc6ca8ab9ac31b4f67cba0a3.dir
      size: 9208464
      nfiles: 6
  eval-omikuji-parabel@1:
    cmd: annif eval ykl-omikuji-parabel-sv -j 8 -m Precision@1 -m NDCG 
      --metrics-file reports/test-omikuji-parabel-sv.json --results-file 
      reports/test-omikuji-parabel-sv.csv 
      corpora/kirjaesittelyt2021/kvesit-ykl-swe-test.tsv
    deps:
    - path: corpora/kirjaesittelyt2021/kvesit-ykl-swe-test.tsv
      hash: md5
      md5: b5a95b1e409550fd13880da4ffb3980f
      size: 311697
    - path: data/projects/ykl-omikuji-parabel-sv
      hash: md5
      md5: c9f1c4c9bc6ca8ab9ac31b4f67cba0a3.dir
      size: 9208464
      nfiles: 6
    - path: venv-installed
      hash: md5
      md5: aa41d44276eafce9e954f589cc74b568
      size: 93
    outs:
    - path: reports/test-omikuji-parabel-sv.csv
      hash: md5
      md5: 12417504b2c5c22df6d395b94cb44329
      size: 243896
    - path: reports/test-omikuji-parabel-sv.json
      hash: md5
      md5: c26651d8b1128a7b149658f0a5db7b33
      size: 97
  train-omikuji-parabel@2:
    cmd: annif train ykl-omikuji-parabel-en -j 8 
      corpora/kirjaesittelyt2021/kvesit-ykl-eng-train.tsv
    deps:
    - path: corpora/kirjaesittelyt2021/kvesit-ykl-eng-train.tsv
      hash: md5
      md5: 04a11b9221992082082cc6aed6ed797e
      size: 1794101
    - path: data/vocabs/ykl
      hash: md5
      md5: ad075edc556491376220cb472da418fe.dir
      size: 6704103
      nfiles: 3
    - path: venv-installed
      hash: md5
      md5: aa41d44276eafce9e954f589cc74b568
      size: 93
    params:
      projects.toml:
        ykl-omikuji-parabel-en:
          name: YKL Omikuji Parabel English
          language: en
          backend: omikuji
          analyzer: snowball(english)
          vocab: ykl
          ngram: 1
          min_df: 1
          access: hidden
    outs:
    - path: data/projects/ykl-omikuji-parabel-en
      hash: md5
      md5: 64c5d8d6ddce2046c477a96c420a0c11.dir
      size: 5414466
      nfiles: 6
  eval-omikuji-parabel@2:
    cmd: annif eval ykl-omikuji-parabel-en -j 8 -m Precision@1 -m NDCG 
      --metrics-file reports/test-omikuji-parabel-en.json --results-file 
      reports/test-omikuji-parabel-en.csv 
      corpora/kirjaesittelyt2021/kvesit-ykl-eng-test.tsv
    deps:
    - path: corpora/kirjaesittelyt2021/kvesit-ykl-eng-test.tsv
      hash: md5
      md5: 91f057ade8ac1f72976393df0670ea1f
      size: 214095
    - path: data/projects/ykl-omikuji-parabel-en
      hash: md5
      md5: 64c5d8d6ddce2046c477a96c420a0c11.dir
      size: 5414466
      nfiles: 6
    - path: venv-installed
      hash: md5
      md5: aa41d44276eafce9e954f589cc74b568
      size: 93
    outs:
    - path: reports/test-omikuji-parabel-en.csv
      hash: md5
      md5: 486ca7b662a65f1a2cdf11297a36d6ef
      size: 244436
    - path: reports/test-omikuji-parabel-en.json
      hash: md5
      md5: 43ee0ea4b199bc4d9ad92896074c2560
      size: 99
  eval-omikuji-bonsai@1:
    cmd: annif eval ykl-omikuji-bonsai-sv -j 8 -m Precision@1 -m NDCG 
      --metrics-file reports/test-omikuji-bonsai-sv.json --results-file 
      reports/test-omikuji-bonsai-sv.csv 
      corpora/kirjaesittelyt2021/kvesit-ykl-swe-test.tsv
    deps:
    - path: corpora/kirjaesittelyt2021/kvesit-ykl-swe-test.tsv
      hash: md5
      md5: b5a95b1e409550fd13880da4ffb3980f
      size: 311697
    - path: data/projects/ykl-omikuji-bonsai-sv
      hash: md5
      md5: 0f452ab1391e1addf62f11ceb3ec73f1.dir
      size: 8887766
      nfiles: 6
    - path: venv-installed
      hash: md5
      md5: aa41d44276eafce9e954f589cc74b568
      size: 93
    outs:
    - path: reports/test-omikuji-bonsai-sv.csv
      hash: md5
      md5: f431f6e3bb0e5bbf65f0858b46c057d0
      size: 243928
    - path: reports/test-omikuji-bonsai-sv.json
      hash: md5
      md5: 608c8c7727fd493605efacb033477521
      size: 97
  eval-ensemble@0:
    cmd: annif eval ykl-fi -j 8 -m Precision@1 -m NDCG --metrics-file 
      reports/test-fi.json --results-file reports/test-fi.csv 
      corpora/kirjaesittelyt2021/kvesit-ykl-fin-test.tsv
    deps:
    - path: corpora/kirjaesittelyt2021/kvesit-ykl-fin-test.tsv
      hash: md5
      md5: 0ec52bab575f8ed1cb8552b99819f627
      size: 4812307
    - path: data/projects/ykl-fi
      hash: md5
      md5: d751713988987e9331980363e24189ce.dir
      size: 0
      nfiles: 0
    - path: venv-installed
      hash: md5
      md5: aa41d44276eafce9e954f589cc74b568
      size: 93
    outs:
    - path: reports/test-fi.csv
      hash: md5
      md5: 3f7c0ddfa467cfdc20479c643b8e2839
      size: 268309
    - path: reports/test-fi.json
      hash: md5
      md5: 14439fe4e7f33f4f9427b01acb4fe96f
      size: 100
  eval-ensemble@1:
    cmd: annif eval ykl-sv -j 8 -m Precision@1 -m NDCG --metrics-file 
      reports/test-sv.json --results-file reports/test-sv.csv 
      corpora/kirjaesittelyt2021/kvesit-ykl-swe-test.tsv
    deps:
    - path: corpora/kirjaesittelyt2021/kvesit-ykl-swe-test.tsv
      hash: md5
      md5: b5a95b1e409550fd13880da4ffb3980f
      size: 311697
    - path: data/projects/ykl-sv
      hash: md5
      md5: d751713988987e9331980363e24189ce.dir
      size: 0
      nfiles: 0
    - path: venv-installed
      hash: md5
      md5: aa41d44276eafce9e954f589cc74b568
      size: 93
    outs:
    - path: reports/test-sv.csv
      hash: md5
      md5: 9b7ea15a8d01551b4fc65a61c9e58f0d
      size: 243830
    - path: reports/test-sv.json
      hash: md5
      md5: da0c23c9f9760e8fef7ec78a151c439f
      size: 99
  eval-ensemble@2:
    cmd: annif eval ykl-en -j 8 -m Precision@1 -m NDCG --metrics-file 
      reports/test-en.json --results-file reports/test-en.csv 
      corpora/kirjaesittelyt2021/kvesit-ykl-eng-test.tsv
    deps:
    - path: corpora/kirjaesittelyt2021/kvesit-ykl-eng-test.tsv
      hash: md5
      md5: 91f057ade8ac1f72976393df0670ea1f
      size: 214095
    - path: data/projects/ykl-en
      hash: md5
      md5: d751713988987e9331980363e24189ce.dir
      size: 0
      nfiles: 0
    - path: venv-installed
      hash: md5
      md5: aa41d44276eafce9e954f589cc74b568
      size: 93
    outs:
    - path: reports/test-en.csv
      hash: md5
      md5: e013f43defb1bf737d40a73765297ddc
      size: 244436
    - path: reports/test-en.json
      hash: md5
      md5: f61060a5bd43bd87213703e22df9f4a3
      size: 99
